// !$*UTF8*$!
{
	archiveVersion = 1;
	classes = {
	};
	objectVersion = 50;
	objects = {

/* Begin PBXBuildFile section */
		6527A7E93635D1ADB443D85F /* Pods_MLKiT.framework in Frameworks */ = {isa = PBXBuildFile; fileRef = C901530FCF86D7568039F445 /* Pods_MLKiT.framework */; };
		9D61289E20BEEBCD0020F6EC /* AppDelegate.m in Sources */ = {isa = PBXBuildFile; fileRef = 9D61289D20BEEBCD0020F6EC /* AppDelegate.m */; };
		9D6128A120BEEBCD0020F6EC /* ViewController.m in Sources */ = {isa = PBXBuildFile; fileRef = 9D6128A020BEEBCD0020F6EC /* ViewController.m */; };
		9D6128A420BEEBCD0020F6EC /* Main.storyboard in Resources */ = {isa = PBXBuildFile; fileRef = 9D6128A220BEEBCD0020F6EC /* Main.storyboard */; };
		9D6128A620BEEBCF0020F6EC /* Assets.xcassets in Resources */ = {isa = PBXBuildFile; fileRef = 9D6128A520BEEBCF0020F6EC /* Assets.xcassets */; };
		9D6128A920BEEBCF0020F6EC /* LaunchScreen.storyboard in Resources */ = {isa = PBXBuildFile; fileRef = 9D6128A720BEEBCF0020F6EC /* LaunchScreen.storyboard */; };
		9D6128AC20BEEBCF0020F6EC /* main.m in Sources */ = {isa = PBXBuildFile; fileRef = 9D6128AB20BEEBCF0020F6EC /* main.m */; };
		9D6128B320BEFA260020F6EC /* GoogleService-Info.plist in Resources */ = {isa = PBXBuildFile; fileRef = 9D6128B220BEFA260020F6EC /* GoogleService-Info.plist */; };
/* End PBXBuildFile section */

/* Begin PBXFileReference section */
		315EAFAC04C8F0F168C0898B /* Pods-MLKiT.debug.xcconfig */ = {isa = PBXFileReference; includeInIndex = 1; lastKnownFileType = text.xcconfig; name = "Pods-MLKiT.debug.xcconfig"; path = "Pods/Target Support Files/Pods-MLKiT/Pods-MLKiT.debug.xcconfig"; sourceTree = "<group>"; };
		9D61289920BEEBCD0020F6EC /* MLKiT.app */ = {isa = PBXFileReference; explicitFileType = wrapper.application; includeInIndex = 0; path = MLKiT.app; sourceTree = BUILT_PRODUCTS_DIR; };
		9D61289C20BEEBCD0020F6EC /* AppDelegate.h */ = {isa = PBXFileReference; lastKnownFileType = sourcecode.c.h; path = AppDelegate.h; sourceTree = "<group>"; };
		9D61289D20BEEBCD0020F6EC /* AppDelegate.m */ = {isa = PBXFileReference; lastKnownFileType = sourcecode.c.objc; path = AppDelegate.m; sourceTree = "<group>"; };
		9D61289F20BEEBCD0020F6EC /* ViewController.h */ = {isa = PBXFileReference; lastKnownFileType = sourcecode.c.h; path = ViewController.h; sourceTree = "<group>"; };
		9D6128A020BEEBCD0020F6EC /* ViewController.m */ = {isa = PBXFileReference; lastKnownFileType = sourcecode.c.objc; path = ViewController.m; sourceTree = "<group>"; };
		9D6128A320BEEBCD0020F6EC /* Base */ = {isa = PBXFileReference; lastKnownFileType = file.storyboard; name = Base; path = Base.lproj/Main.storyboard; sourceTree = "<group>"; };
		9D6128A520BEEBCF0020F6EC /* Assets.xcassets */ = {isa = PBXFileReference; lastKnownFileType = folder.assetcatalog; path = Assets.xcassets; sourceTree = "<group>"; };
		9D6128A820BEEBCF0020F6EC /* Base */ = {isa = PBXFileReference; lastKnownFileType = file.storyboard; name = Base; path = Base.lproj/LaunchScreen.storyboard; sourceTree = "<group>"; };
		9D6128AA20BEEBCF0020F6EC /* Info.plist */ = {isa = PBXFileReference; lastKnownFileType = text.plist.xml; path = Info.plist; sourceTree = "<group>"; };
		9D6128AB20BEEBCF0020F6EC /* main.m */ = {isa = PBXFileReference; lastKnownFileType = sourcecode.c.objc; path = main.m; sourceTree = "<group>"; };
		9D6128B220BEFA260020F6EC /* GoogleService-Info.plist */ = {isa = PBXFileReference; fileEncoding = 4; lastKnownFileType = text.plist.xml; path = "GoogleService-Info.plist"; sourceTree = "<group>"; };
		C901530FCF86D7568039F445 /* Pods_MLKiT.framework */ = {isa = PBXFileReference; explicitFileType = wrapper.framework; includeInIndex = 0; path = Pods_MLKiT.framework; sourceTree = BUILT_PRODUCTS_DIR; };
		E491070EE2B3AB44A39DC0DA /* Pods-MLKiT.release.xcconfig */ = {isa = PBXFileReference; includeInIndex = 1; lastKnownFileType = text.xcconfig; name = "Pods-MLKiT.release.xcconfig"; path = "Pods/Target Support Files/Pods-MLKiT/Pods-MLKiT.release.xcconfig"; sourceTree = "<group>"; };
/* End PBXFileReference section */

/* Begin PBXFrameworksBuildPhase section */
		9D61289620BEEBCD0020F6EC /* Frameworks */ = {
			isa = PBXFrameworksBuildPhase;
			buildActionMask = 2147483647;
			files = (
				6527A7E93635D1ADB443D85F /* Pods_MLKiT.framework in Frameworks */,
			);
			runOnlyForDeploymentPostprocessing = 0;
		};
/* End PBXFrameworksBuildPhase section */

/* Begin PBXGroup section */
		9D61289020BEEBCD0020F6EC = {
			isa = PBXGroup;
			children = (
				9D61289B20BEEBCD0020F6EC /* MLKiT */,
				9D61289A20BEEBCD0020F6EC /* Products */,
				B7904F1598B0DEF159CBD26A /* Pods */,
				BBAD0AC471453295AADA57B2 /* Frameworks */,
			);
			sourceTree = "<group>";
		};
		9D61289A20BEEBCD0020F6EC /* Products */ = {
			isa = PBXGroup;
			children = (
				9D61289920BEEBCD0020F6EC /* MLKiT.app */,
			);
			name = Products;
			sourceTree = "<group>";
		};
		9D61289B20BEEBCD0020F6EC /* MLKiT */ = {
			isa = PBXGroup;
			children = (
				9D61289C20BEEBCD0020F6EC /* AppDelegate.h */,
				9D61289D20BEEBCD0020F6EC /* AppDelegate.m */,
				9D61289F20BEEBCD0020F6EC /* ViewController.h */,
				9D6128A020BEEBCD0020F6EC /* ViewController.m */,
				9D6128A220BEEBCD0020F6EC /* Main.storyboard */,
				9D6128A520BEEBCF0020F6EC /* Assets.xcassets */,
				9D6128A720BEEBCF0020F6EC /* LaunchScreen.storyboard */,
				9D6128AA20BEEBCF0020F6EC /* Info.plist */,
				9D6128AB20BEEBCF0020F6EC /* main.m */,
				9D6128B220BEFA260020F6EC /* GoogleService-Info.plist */,
			);
			path = MLKiT;
			sourceTree = "<group>";
		};
		B7904F1598B0DEF159CBD26A /* Pods */ = {
			isa = PBXGroup;
			children = (
				315EAFAC04C8F0F168C0898B /* Pods-MLKiT.debug.xcconfig */,
				E491070EE2B3AB44A39DC0DA /* Pods-MLKiT.release.xcconfig */,
			);
			name = Pods;
			sourceTree = "<group>";
		};
		BBAD0AC471453295AADA57B2 /* Frameworks */ = {
			isa = PBXGroup;
			children = (
				C901530FCF86D7568039F445 /* Pods_MLKiT.framework */,
			);
			name = Frameworks;
			sourceTree = "<group>";
		};
/* End PBXGroup section */

/* Begin PBXNativeTarget section */
		9D61289820BEEBCD0020F6EC /* MLKiT */ = {
			isa = PBXNativeTarget;
			buildConfigurationList = 9D6128AF20BEEBCF0020F6EC /* Build configuration list for PBXNativeTarget "MLKiT" */;
			buildPhases = (
				EBB873ED20EF146B0320E4B6 /* [CP] Check Pods Manifest.lock */,
				9D61289520BEEBCD0020F6EC /* Sources */,
				9D61289620BEEBCD0020F6EC /* Frameworks */,
				9D61289720BEEBCD0020F6EC /* Resources */,
				71448E074A667A1CA864EA34 /* [CP] Embed Pods Frameworks */,
				2AB6A07B50FE06DB6A384CCA /* [CP] Copy Pods Resources */,
			);
			buildRules = (
			);
			dependencies = (
			);
			name = MLKiT;
			productName = MLKiT;
			productReference = 9D61289920BEEBCD0020F6EC /* MLKiT.app */;
			productType = "com.apple.product-type.application";
		};
/* End PBXNativeTarget section */

/* Begin PBXProject section */
		9D61289120BEEBCD0020F6EC /* Project object */ = {
			isa = PBXProject;
			attributes = {
				LastUpgradeCheck = 0930;
				ORGANIZATIONNAME = ass_boss;
				TargetAttributes = {
					9D61289820BEEBCD0020F6EC = {
						CreatedOnToolsVersion = 9.3.1;
					};
				};
			};
			buildConfigurationList = 9D61289420BEEBCD0020F6EC /* Build configuration list for PBXProject "MLKiT" */;
			compatibilityVersion = "Xcode 9.3";
			developmentRegion = en;
			hasScannedForEncodings = 0;
			knownRegions = (
				en,
				Base,
			);
			mainGroup = 9D61289020BEEBCD0020F6EC;
			productRefGroup = 9D61289A20BEEBCD0020F6EC /* Products */;
			projectDirPath = "";
			projectRoot = "";
			targets = (
				9D61289820BEEBCD0020F6EC /* MLKiT */,
			);
		};
/* End PBXProject section */

/* Begin PBXResourcesBuildPhase section */
		9D61289720BEEBCD0020F6EC /* Resources */ = {
			isa = PBXResourcesBuildPhase;
			buildActionMask = 2147483647;
			files = (
				9D6128A920BEEBCF0020F6EC /* LaunchScreen.storyboard in Resources */,
				9D6128B320BEFA260020F6EC /* GoogleService-Info.plist in Resources */,
				9D6128A620BEEBCF0020F6EC /* Assets.xcassets in Resources */,
				9D6128A420BEEBCD0020F6EC /* Main.storyboard in Resources */,
			);
			runOnlyForDeploymentPostprocessing = 0;
		};
/* End PBXResourcesBuildPhase section */

/* Begin PBXShellScriptBuildPhase section */
		2AB6A07B50FE06DB6A384CCA /* [CP] Copy Pods Resources */ = {
			isa = PBXShellScriptBuildPhase;
			buildActionMask = 2147483647;
			files = (
			);
			inputPaths = (
				"${SRCROOT}/Pods/Target Support Files/Pods-MLKiT/Pods-MLKiT-resources.sh",
				"${PODS_CONFIGURATION_BUILD_DIR}/GoogleMobileVision/GoogleMVTextDetectorResources.bundle",
			);
			name = "[CP] Copy Pods Resources";
			outputPaths = (
				"${TARGET_BUILD_DIR}/${UNLOCALIZED_RESOURCES_FOLDER_PATH}/GoogleMVTextDetectorResources.bundle",
			);
			runOnlyForDeploymentPostprocessing = 0;
			shellPath = /bin/sh;
			shellScript = "\"${SRCROOT}/Pods/Target Support Files/Pods-MLKiT/Pods-MLKiT-resources.sh\"\n";
			showEnvVarsInLog = 0;
		};
		71448E074A667A1CA864EA34 /* [CP] Embed Pods Frameworks */ = {
			isa = PBXShellScriptBuildPhase;
			buildActionMask = 2147483647;
			files = (
			);
			inputPaths = (
				"${SRCROOT}/Pods/Target Support Files/Pods-MLKiT/Pods-MLKiT-frameworks.sh",
				"${BUILT_PRODUCTS_DIR}/GTMSessionFetcher/GTMSessionFetcher.framework",
				"${BUILT_PRODUCTS_DIR}/GoogleAPIClientForREST/GoogleAPIClientForREST.framework",
				"${BUILT_PRODUCTS_DIR}/GoogleToolboxForMac/GoogleToolboxForMac.framework",
				"${BUILT_PRODUCTS_DIR}/Protobuf/Protobuf.framework",
				"${BUILT_PRODUCTS_DIR}/nanopb/nanopb.framework",
			);
			name = "[CP] Embed Pods Frameworks";
			outputPaths = (
				"${TARGET_BUILD_DIR}/${FRAMEWORKS_FOLDER_PATH}/GTMSessionFetcher.framework",
				"${TARGET_BUILD_DIR}/${FRAMEWORKS_FOLDER_PATH}/GoogleAPIClientForREST.framework",
				"${TARGET_BUILD_DIR}/${FRAMEWORKS_FOLDER_PATH}/GoogleToolboxForMac.framework",
				"${TARGET_BUILD_DIR}/${FRAMEWORKS_FOLDER_PATH}/Protobuf.framework",
				"${TARGET_BUILD_DIR}/${FRAMEWORKS_FOLDER_PATH}/nanopb.framework",
			);
			runOnlyForDeploymentPostprocessing = 0;
			shellPath = /bin/sh;
			shellScript = "\"${SRCROOT}/Pods/Target Support Files/Pods-MLKiT/Pods-MLKiT-frameworks.sh\"\n";
			showEnvVarsInLog = 0;
		};
		EBB873ED20EF146B0320E4B6 /* [CP] Check Pods Manifest.lock */ = {
			isa = PBXShellScriptBuildPhase;
			buildActionMask = 2147483647;
			files = (
			);
			inputPaths = (
				"${PODS_PODFILE_DIR_PATH}/Podfile.lock",
				"${PODS_ROOT}/Manifest.lock",
			);
			name = "[CP] Check Pods Manifest.lock";
			outputPaths = (
				"$(DERIVED_FILE_DIR)/Pods-MLKiT-checkManifestLockResult.txt",
			);
			runOnlyForDeploymentPostprocessing = 0;
			shellPath = /bin/sh;
			shellScript = "diff \"${PODS_PODFILE_DIR_PATH}/Podfile.lock\" \"${PODS_ROOT}/Manifest.lock\" > /dev/null\nif [ $? != 0 ] ; then\n    # print error to STDERR\n    echo \"error: The sandbox is not in sync with the Podfile.lock. Run 'pod install' or update your CocoaPods installation.\" >&2\n    exit 1\nfi\n# This output is used by Xcode 'outputs' to avoid re-running this script phase.\necho \"SUCCESS\" > \"${SCRIPT_OUTPUT_FILE_0}\"\n";
			showEnvVarsInLog = 0;
		};
/* End PBXShellScriptBuildPhase section */

/* Begin PBXSourcesBuildPhase section */
		9D61289520BEEBCD0020F6EC /* Sources */ = {
			isa = PBXSourcesBuildPhase;
			buildActionMask = 2147483647;
			files = (
				9D6128A120BEEBCD0020F6EC /* ViewController.m in Sources */,
				9D6128AC20BEEBCF0020F6EC /* main.m in Sources */,
				9D61289E20BEEBCD0020F6EC /* AppDelegate.m in Sources */,
			);
			runOnlyForDeploymentPostprocessing = 0;
		};
/* End PBXSourcesBuildPhase section */

/* Begin PBXVariantGroup section */
		9D6128A220BEEBCD0020F6EC /* Main.storyboard */ = {
			isa = PBXVariantGroup;
			children = (
				9D6128A320BEEBCD0020F6EC /* Base */,
			);
			name = Main.storyboard;
			sourceTree = "<group>";
		};
		9D6128A720BEEBCF0020F6EC /* LaunchScreen.storyboard */ = {
			isa = PBXVariantGroup;
			children = (
				9D6128A820BEEBCF0020F6EC /* Base */,
			);
			name = LaunchScreen.storyboard;
			sourceTree = "<group>";
		};
/* End PBXVariantGroup section */

/* Begin XCBuildConfiguration section */
		9D6128AD20BEEBCF0020F6EC /* Debug */ = {
			isa = XCBuildConfiguration;
			buildSettings = {
				ALWAYS_SEARCH_USER_PATHS = NO;
				CLANG_ANALYZER_NONNULL = YES;
				CLANG_ANALYZER_NUMBER_OBJECT_CONVERSION = YES_AGGRESSIVE;
				CLANG_CXX_LANGUAGE_STANDARD = "gnu++14";
				CLANG_CXX_LIBRARY = "libc++";
				CLANG_ENABLE_MODULES = YES;
				CLANG_ENABLE_OBJC_ARC = YES;
				CLANG_ENABLE_OBJC_WEAK = YES;
				CLANG_WARN_BLOCK_CAPTURE_AUTORELEASING = YES;
				CLANG_WARN_BOOL_CONVERSION = YES;
				CLANG_WARN_COMMA = YES;
				CLANG_WARN_CONSTANT_CONVERSION = YES;
				CLANG_WARN_DEPRECATED_OBJC_IMPLEMENTATIONS = YES;
				CLANG_WARN_DIRECT_OBJC_ISA_USAGE = YES_ERROR;
				CLANG_WARN_DOCUMENTATION_COMMENTS = YES;
				CLANG_WARN_EMPTY_BODY = YES;
				CLANG_WARN_ENUM_CONVERSION = YES;
				CLANG_WARN_INFINITE_RECURSION = YES;
				CLANG_WARN_INT_CONVERSION = YES;
				CLANG_WARN_NON_LITERAL_NULL_CONVERSION = YES;
				CLANG_WARN_OBJC_IMPLICIT_RETAIN_SELF = YES;
				CLANG_WARN_OBJC_LITERAL_CONVERSION = YES;
				CLANG_WARN_OBJC_ROOT_CLASS = YES_ERROR;
				CLANG_WARN_RANGE_LOOP_ANALYSIS = YES;
				CLANG_WARN_STRICT_PROTOTYPES = YES;
				CLANG_WARN_SUSPICIOUS_MOVE = YES;
				CLANG_WARN_UNGUARDED_AVAILABILITY = YES_AGGRESSIVE;
				CLANG_WARN_UNREACHABLE_CODE = YES;
				CLANG_WARN__DUPLICATE_METHOD_MATCH = YES;
				CODE_SIGN_IDENTITY = "iPhone Developer";
				COPY_PHASE_STRIP = NO;
				DEBUG_INFORMATION_FORMAT = dwarf;
				ENABLE_STRICT_OBJC_MSGSEND = YES;
				ENABLE_TESTABILITY = YES;
				GCC_C_LANGUAGE_STANDARD = gnu11;
				GCC_DYNAMIC_NO_PIC = NO;
				GCC_NO_COMMON_BLOCKS = YES;
				GCC_OPTIMIZATION_LEVEL = 0;
				GCC_PREPROCESSOR_DEFINITIONS = (
					"DEBUG=1",
					"$(inherited)",
				);
				GCC_WARN_64_TO_32_BIT_CONVERSION = YES;
				GCC_WARN_ABOUT_RETURN_TYPE = YES_ERROR;
				GCC_WARN_UNDECLARED_SELECTOR = YES;
				GCC_WARN_UNINITIALIZED_AUTOS = YES_AGGRESSIVE;
				GCC_WARN_UNUSED_FUNCTION = YES;
				GCC_WARN_UNUSED_VARIABLE = YES;
				IPHONEOS_DEPLOYMENT_TARGET = 11.3;
				MTL_ENABLE_DEBUG_INFO = YES;
				ONLY_ACTIVE_ARCH = YES;
				SDKROOT = iphoneos;
			};
			name = Debug;
		};
		9D6128AE20BEEBCF0020F6EC /* Release */ = {
			isa = XCBuildConfiguration;
			buildSettings = {
				ALWAYS_SEARCH_USER_PATHS = NO;
				CLANG_ANALYZER_NONNULL = YES;
				CLANG_ANALYZER_NUMBER_OBJECT_CONVERSION = YES_AGGRESSIVE;
				CLANG_CXX_LANGUAGE_STANDARD = "gnu++14";
				CLANG_CXX_LIBRARY = "libc++";
				CLANG_ENABLE_MODULES = YES;
				CLANG_ENABLE_OBJC_ARC = YES;
				CLANG_ENABLE_OBJC_WEAK = YES;
				CLANG_WARN_BLOCK_CAPTURE_AUTORELEASING = YES;
				CLANG_WARN_BOOL_CONVERSION = YES;
				CLANG_WARN_COMMA = YES;
				CLANG_WARN_CONSTANT_CONVERSION = YES;
				CLANG_WARN_DEPRECATED_OBJC_IMPLEMENTATIONS = YES;
				CLANG_WARN_DIRECT_OBJC_ISA_USAGE = YES_ERROR;
				CLANG_WARN_DOCUMENTATION_COMMENTS = YES;
				CLANG_WARN_EMPTY_BODY = YES;
				CLANG_WARN_ENUM_CONVERSION = YES;
				CLANG_WARN_INFINITE_RECURSION = YES;
				CLANG_WARN_INT_CONVERSION = YES;
				CLANG_WARN_NON_LITERAL_NULL_CONVERSION = YES;
				CLANG_WARN_OBJC_IMPLICIT_RETAIN_SELF = YES;
				CLANG_WARN_OBJC_LITERAL_CONVERSION = YES;
				CLANG_WARN_OBJC_ROOT_CLASS = YES_ERROR;
				CLANG_WARN_RANGE_LOOP_ANALYSIS = YES;
				CLANG_WARN_STRICT_PROTOTYPES = YES;
				CLANG_WARN_SUSPICIOUS_MOVE = YES;
				CLANG_WARN_UNGUARDED_AVAILABILITY = YES_AGGRESSIVE;
				CLANG_WARN_UNREACHABLE_CODE = YES;
				CLANG_WARN__DUPLICATE_METHOD_MATCH = YES;
				CODE_SIGN_IDENTITY = "iPhone Developer";
				COPY_PHASE_STRIP = NO;
				DEBUG_INFORMATION_FORMAT = "dwarf-with-dsym";
				ENABLE_NS_ASSERTIONS = NO;
				ENABLE_STRICT_OBJC_MSGSEND = YES;
				GCC_C_LANGUAGE_STANDARD = gnu11;
				GCC_NO_COMMON_BLOCKS = YES;
				GCC_WARN_64_TO_32_BIT_CONVERSION = YES;
				GCC_WARN_ABOUT_RETURN_TYPE = YES_ERROR;
				GCC_WARN_UNDECLARED_SELECTOR = YES;
				GCC_WARN_UNINITIALIZED_AUTOS = YES_AGGRESSIVE;
				GCC_WARN_UNUSED_FUNCTION = YES;
				GCC_WARN_UNUSED_VARIABLE = YES;
				IPHONEOS_DEPLOYMENT_TARGET = 11.3;
				MTL_ENABLE_DEBUG_INFO = NO;
				SDKROOT = iphoneos;
				VALIDATE_PRODUCT = YES;
			};
			name = Release;
		};
		9D6128B020BEEBCF0020F6EC /* Debug */ = {
			isa = XCBuildConfiguration;
			baseConfigurationReference = 315EAFAC04C8F0F168C0898B /* Pods-MLKiT.debug.xcconfig */;
			buildSettings = {
				ASSETCATALOG_COMPILER_APPICON_NAME = AppIcon;
				CODE_SIGN_STYLE = Automatic;
				DEVELOPMENT_TEAM = 45H5C4V9F6;
				INFOPLIST_FILE = MLKiT/Info.plist;
				LD_RUNPATH_SEARCH_PATHS = (
					"$(inherited)",
					"@executable_path/Frameworks",
				);
				PRODUCT_BUNDLE_IDENTIFIER = test.MLKiT;
				PRODUCT_NAME = "$(TARGET_NAME)";
				TARGETED_DEVICE_FAMILY = "1,2";
			};
			name = Debug;
		};
		9D6128B120BEEBCF0020F6EC /* Release */ = {
			isa = XCBuildConfiguration;
			baseConfigurationReference = E491070EE2B3AB44A39DC0DA /* Pods-MLKiT.release.xcconfig */;
			buildSettings = {
				ASSETCATALOG_COMPILER_APPICON_NAME = AppIcon;
				CODE_SIGN_STYLE = Automatic;
				DEVELOPMENT_TEAM = 45H5C4V9F6;
				INFOPLIST_FILE = MLKiT/Info.plist;
				LD_RUNPATH_SEARCH_PATHS = (
					"$(inherited)",
					"@executable_path/Frameworks",
				);
				PRODUCT_BUNDLE_IDENTIFIER = test.MLKiT;
				PRODUCT_NAME = "$(TARGET_NAME)";
				TARGETED_DEVICE_FAMILY = "1,2";
			};
			name = Release;
		};
/* End XCBuildConfiguration section */

/* Begin XCConfigurationList section */
		9D61289420BEEBCD0020F6EC /* Build configuration list for PBXProject "MLKiT" */ = {
			isa = XCConfigurationList;
			buildConfigurations = (
				9D6128AD20BEEBCF0020F6EC /* Debug */,
				9D6128AE20BEEBCF0020F6EC /* Release */,
			);
			defaultConfigurationIsVisible = 0;
			defaultConfigurationName = Release;
		};
		9D6128AF20BEEBCF0020F6EC /* Build configuration list for PBXNativeTarget "MLKiT" */ = {
			isa = XCConfigurationList;
			buildConfigurations = (
				9D6128B020BEEBCF0020F6EC /* Debug */,
				9D6128B120BEEBCF0020F6EC /* Release */,
			);
			defaultConfigurationIsVisible = 0;
			defaultConfigurationName = Release;
		};
/* End XCConfigurationList section */
	};
	rootObject = 9D61289120BEEBCD0020F6EC /* Project object */;
}
